
Microsoft Visual Studio Solution File, Format Version 12.00
# Visual Studio Version 16
VisualStudioVersion = 16.0.29411.108
MinimumVisualStudioVersion = 10.0.40219.1
Project("{FAE04EC0-301F-11D3-BF4B-00C04F79EFBC}") = "MVCIdentity", "MVCIdentity\MVCIdentity.csproj", "{FDD57D39-CF45-4F3C-9A6B-2CBB4E9F2807}"
EndProject
Global
	GlobalSection(SolutionConfigurationPlatforms) = preSolution
		Debug|Any CPU = Debug|Any CPU
		Release|Any CPU = Release|Any CPU
	EndGlobalSection
	GlobalSection(ProjectConfigurationPlatforms) = postSolution
		{FDD57D39-CF45-4F3C-9A6B-2CBB4E9F2807}.Debug|Any CPU.ActiveCfg = Debug|Any CPU
		{FDD57D39-CF45-4F3C-9A6B-2CBB4E9F2807}.Debug|Any CPU.Build.0 = Debug|Any CPU
		{FDD57D39-CF45-4F3C-9A6B-2CBB4E9F2807}.Release|Any CPU.ActiveCfg = Release|Any CPU
		{FDD57D39-CF45-4F3C-9A6B-2CBB4E9F2807}.Release|Any CPU.Build.0 = Release|Any CPU
	EndGlobalSection
	GlobalSection(SolutionProperties) = preSolution
		HideSolutionNode = FALSE
	EndGlobalSection
	GlobalSection(ExtensibilityGlobals) = postSolution
		SolutionGuid = {9D885CCD-7974-4FB2-9424-31450E19DA0E}
	EndGlobalSection
EndGlobal
