
Microsoft Visual Studio Solution File, Format Version 12.00
# Visual Studio 15
VisualStudioVersion = 15.0.28307.852
MinimumVisualStudioVersion = 10.0.40219.1
Project("{FAE04EC0-301F-11D3-BF4B-00C04F79EFBC}") = "PNY.Batch18.Common", "PNY.Batch18.Common\PNY.Batch18.Common.csproj", "{2CBEEFC7-C4B9-4B19-84AF-4EF8CD01ABD4}"
EndProject
Project("{FAE04EC0-301F-11D3-BF4B-00C04F79EFBC}") = "PNY.Batch18.POSClasses", "PNY.Batch18.POSClasses\PNY.Batch18.POSClasses.csproj", "{A79CDAE5-461B-42E1-AD02-2C527534EEE3}"
EndProject
Global
	GlobalSection(SolutionConfigurationPlatforms) = preSolution
		Debug|Any CPU = Debug|Any CPU
		Release|Any CPU = Release|Any CPU
	EndGlobalSection
	GlobalSection(ProjectConfigurationPlatforms) = postSolution
		{2CBEEFC7-C4B9-4B19-84AF-4EF8CD01ABD4}.Debug|Any CPU.ActiveCfg = Debug|Any CPU
		{2CBEEFC7-C4B9-4B19-84AF-4EF8CD01ABD4}.Debug|Any CPU.Build.0 = Debug|Any CPU
		{2CBEEFC7-C4B9-4B19-84AF-4EF8CD01ABD4}.Release|Any CPU.ActiveCfg = Release|Any CPU
		{2CBEEFC7-C4B9-4B19-84AF-4EF8CD01ABD4}.Release|Any CPU.Build.0 = Release|Any CPU
		{A79CDAE5-461B-42E1-AD02-2C527534EEE3}.Debug|Any CPU.ActiveCfg = Debug|Any CPU
		{A79CDAE5-461B-42E1-AD02-2C527534EEE3}.Debug|Any CPU.Build.0 = Debug|Any CPU
		{A79CDAE5-461B-42E1-AD02-2C527534EEE3}.Release|Any CPU.ActiveCfg = Release|Any CPU
		{A79CDAE5-461B-42E1-AD02-2C527534EEE3}.Release|Any CPU.Build.0 = Release|Any CPU
	EndGlobalSection
	GlobalSection(SolutionProperties) = preSolution
		HideSolutionNode = FALSE
	EndGlobalSection
	GlobalSection(ExtensibilityGlobals) = postSolution
		SolutionGuid = {05093865-FBF9-4278-BA8F-25374EE3F4CF}
	EndGlobalSection
EndGlobal
